{
  "version": 4,
  "terraform_version": "1.4.2",
  "serial": 7,
  "lineage": "07ac7c1f-af04-ac92-18aa-f4cc7c120ad9",
  "outputs": {},
  "resources": [
    {
      "mode": "managed",
      "type": "aws_iam_instance_profile",
      "name": "etl_profile",
      "provider": "provider[\"registry.terraform.io/hashicorp/aws\"]",
      "instances": [
        {
          "schema_version": 0,
          "attributes": {
            "arn": "arn:aws:iam::495599753255:instance-profile/etl-pipeline-aws-instance-profile-dev",
            "create_date": "2025-04-22T21:05:36Z",
            "id": "etl-pipeline-aws-instance-profile-dev",
            "name": "etl-pipeline-aws-instance-profile-dev",
            "name_prefix": "",
            "path": "/",
            "role": "etl-pipeline-aws-ec2-role-dev",
            "tags": null,
            "tags_all": {},
            "unique_id": "AIPAXGZAMDAT3RSQF7CII"
          },
          "sensitive_attributes": [],
          "private": "bnVsbA==",
          "dependencies": [
            "aws_iam_role.etl_role"
          ]
        }
      ]
    },
    {
      "mode": "managed",
      "type": "aws_iam_role",
      "name": "etl_role",
      "provider": "provider[\"registry.terraform.io/hashicorp/aws\"]",
      "instances": [
        {
          "schema_version": 0,
          "attributes": {
            "arn": "arn:aws:iam::495599753255:role/etl-pipeline-aws-ec2-role-dev",
            "assume_role_policy": "{\"Statement\":[{\"Action\":\"sts:AssumeRole\",\"Effect\":\"Allow\",\"Principal\":{\"Service\":\"ec2.amazonaws.com\"}}],\"Version\":\"2012-10-17\"}",
            "create_date": "2025-04-22T21:05:35Z",
            "description": "",
            "force_detach_policies": false,
            "id": "etl-pipeline-aws-ec2-role-dev",
            "inline_policy": [],
            "managed_policy_arns": [],
            "max_session_duration": 3600,
            "name": "etl-pipeline-aws-ec2-role-dev",
            "name_prefix": "",
            "path": "/",
            "permissions_boundary": "",
            "tags": {
              "Environment": "dev",
              "Owner": "matheusnbnrito",
              "Project": "ETL Clientes/Vendas"
            },
            "tags_all": {
              "Environment": "dev",
              "Owner": "matheusnbnrito",
              "Project": "ETL Clientes/Vendas"
            },
            "unique_id": "AROAXGZAMDATXA4BEALLN"
          },
          "sensitive_attributes": [],
          "private": "bnVsbA=="
        }
      ]
    },
    {
      "mode": "managed",
      "type": "aws_iam_role_policy",
      "name": "etl_policy",
      "provider": "provider[\"registry.terraform.io/hashicorp/aws\"]",
      "instances": [
        {
          "schema_version": 0,
          "attributes": {
            "id": "etl-pipeline-aws-ec2-role-dev:etl-pipeline-aws-s3-access-dev",
            "name": "etl-pipeline-aws-s3-access-dev",
            "name_prefix": "",
            "policy": "{\"Version\":\"2012-10-17\",\"Statement\":[{\"Action\":[\"s3:*\"],\"Effect\":\"Allow\",\"Resource\":[\"arn:aws:s3:::etl-pipeline-aws-dev-bucket\",\"arn:aws:s3:::etl-pipeline-aws-dev-bucket/*\"]}]}",
            "role": "etl-pipeline-aws-ec2-role-dev"
          },
          "sensitive_attributes": [],
          "private": "bnVsbA==",
          "dependencies": [
            "aws_iam_role.etl_role",
            "aws_s3_bucket.etl_bucket"
          ]
        }
      ]
    },
    {
      "mode": "managed",
      "type": "aws_s3_bucket",
      "name": "etl_bucket",
      "provider": "provider[\"registry.terraform.io/hashicorp/aws\"]",
      "instances": [
        {
          "schema_version": 0,
          "attributes": {
            "acceleration_status": "",
            "acl": null,
            "arn": "arn:aws:s3:::etl-pipeline-aws-dev-bucket",
            "bucket": "etl-pipeline-aws-dev-bucket",
            "bucket_domain_name": "etl-pipeline-aws-dev-bucket.s3.amazonaws.com",
            "bucket_prefix": "",
            "bucket_regional_domain_name": "etl-pipeline-aws-dev-bucket.s3.us-east-2.amazonaws.com",
            "cors_rule": [],
            "force_destroy": false,
            "grant": [
              {
                "id": "6c52d582a77bd5eee98cb8b7e1f45cd398996d68f4c1f13f00d02bbf66e51bcd",
                "permissions": [
                  "FULL_CONTROL"
                ],
                "type": "CanonicalUser",
                "uri": ""
              }
            ],
            "hosted_zone_id": "Z2O1EMRO9K5GLX",
            "id": "etl-pipeline-aws-dev-bucket",
            "lifecycle_rule": [],
            "logging": [],
            "object_lock_configuration": [],
            "object_lock_enabled": false,
            "policy": "",
            "region": "us-east-2",
            "replication_configuration": [],
            "request_payer": "BucketOwner",
            "server_side_encryption_configuration": [
              {
                "rule": [
                  {
                    "apply_server_side_encryption_by_default": [
                      {
                        "kms_master_key_id": "",
                        "sse_algorithm": "AES256"
                      }
                    ],
                    "bucket_key_enabled": false
                  }
                ]
              }
            ],
            "tags": {
              "Environment": "dev",
              "Name": "etl-pipeline-aws-s3-dev",
              "Owner": "matheusnbnrito",
              "Project": "ETL Clientes/Vendas"
            },
            "tags_all": {
              "Environment": "dev",
              "Name": "etl-pipeline-aws-s3-dev",
              "Owner": "matheusnbnrito",
              "Project": "ETL Clientes/Vendas"
            },
            "timeouts": null,
            "versioning": [
              {
                "enabled": false,
                "mfa_delete": false
              }
            ],
            "website": [],
            "website_domain": null,
            "website_endpoint": null
          },
          "sensitive_attributes": [],
          "private": "eyJlMmJmYjczMC1lY2FhLTExZTYtOGY4OC0zNDM2M2JjN2M0YzAiOnsiY3JlYXRlIjoxMjAwMDAwMDAwMDAwLCJkZWxldGUiOjM2MDAwMDAwMDAwMDAsInJlYWQiOjEyMDAwMDAwMDAwMDAsInVwZGF0ZSI6MTIwMDAwMDAwMDAwMH19"
        }
      ]
    },
    {
      "mode": "managed",
      "type": "aws_security_group",
      "name": "etl_sg",
      "provider": "provider[\"registry.terraform.io/hashicorp/aws\"]",
      "instances": [
        {
          "schema_version": 1,
          "attributes": {
            "arn": "arn:aws:ec2:us-east-2:495599753255:security-group/sg-03098e88d94c14e9d",
            "description": "Permitir SSH e acesso HTTP para etl-pipeline-aws",
            "egress": [
              {
                "cidr_blocks": [
                  "0.0.0.0/0"
                ],
                "description": "",
                "from_port": 0,
                "ipv6_cidr_blocks": [],
                "prefix_list_ids": [],
                "protocol": "-1",
                "security_groups": [],
                "self": false,
                "to_port": 0
              }
            ],
            "id": "sg-03098e88d94c14e9d",
            "ingress": [
              {
                "cidr_blocks": [
                  "0.0.0.0/0"
                ],
                "description": "HTTP",
                "from_port": 81,
                "ipv6_cidr_blocks": [],
                "prefix_list_ids": [],
                "protocol": "tcp",
                "security_groups": [],
                "self": false,
                "to_port": 81
              },
              {
                "cidr_blocks": [
                  "0.0.0.0/0"
                ],
                "description": "HTTP",
                "from_port": 88,
                "ipv6_cidr_blocks": [],
                "prefix_list_ids": [],
                "protocol": "tcp",
                "security_groups": [],
                "self": false,
                "to_port": 88
              },
              {
                "cidr_blocks": [
                  "0.0.0.0/0"
                ],
                "description": "SSH",
                "from_port": 22,
                "ipv6_cidr_blocks": [],
                "prefix_list_ids": [],
                "protocol": "tcp",
                "security_groups": [],
                "self": false,
                "to_port": 22
              }
            ],
            "name": "etl-pipeline-aws-sg-dev",
            "name_prefix": "",
            "owner_id": "495599753255",
            "revoke_rules_on_delete": false,
            "tags": {
              "Environment": "dev",
              "Name": "etl-pipeline-aws-sg-dev",
              "Owner": "matheusnbnrito",
              "Project": "ETL Clientes/Vendas"
            },
            "tags_all": {
              "Environment": "dev",
              "Name": "etl-pipeline-aws-sg-dev",
              "Owner": "matheusnbnrito",
              "Project": "ETL Clientes/Vendas"
            },
            "timeouts": null,
            "vpc_id": "vpc-0d44f169ebe9c3a91"
          },
          "sensitive_attributes": [],
          "private": "eyJlMmJmYjczMC1lY2FhLTExZTYtOGY4OC0zNDM2M2JjN2M0YzAiOnsiY3JlYXRlIjo2MDAwMDAwMDAwMDAsImRlbGV0ZSI6OTAwMDAwMDAwMDAwfSwic2NoZW1hX3ZlcnNpb24iOiIxIn0="
        }
      ]
    }
  ],
  "check_results": null
}
